
Microsoft Visual Studio Solution File, Format Version 12.00
# Visual Studio 14
VisualStudioVersion = 14.0.25420.1
MinimumVisualStudioVersion = 10.0.40219.1
Project("{FAE04EC0-301F-11D3-BF4B-00C04F79EFBC}") = "InfraFramework", "InfraFramework\InfraFramework.csproj", "{0333B22F-0430-4155-B019-1BACB5EA7180}"
EndProject
Project("{FAE04EC0-301F-11D3-BF4B-00C04F79EFBC}") = "WindowsFormsApplication1", "WindowsFormsApplication1\WindowsFormsApplication1.csproj", "{A2EDF3B2-1983-4669-AC4B-AE4E4001A10F}"
EndProject
Global
	GlobalSection(SolutionConfigurationPlatforms) = preSolution
		Debug|Any CPU = Debug|Any CPU
		Release|Any CPU = Release|Any CPU
	EndGlobalSection
	GlobalSection(ProjectConfigurationPlatforms) = postSolution
		{0333B22F-0430-4155-B019-1BACB5EA7180}.Debug|Any CPU.ActiveCfg = Debug|Any CPU
		{0333B22F-0430-4155-B019-1BACB5EA7180}.Debug|Any CPU.Build.0 = Debug|Any CPU
		{0333B22F-0430-4155-B019-1BACB5EA7180}.Release|Any CPU.ActiveCfg = Release|Any CPU
		{0333B22F-0430-4155-B019-1BACB5EA7180}.Release|Any CPU.Build.0 = Release|Any CPU
		{A2EDF3B2-1983-4669-AC4B-AE4E4001A10F}.Debug|Any CPU.ActiveCfg = Debug|Any CPU
		{A2EDF3B2-1983-4669-AC4B-AE4E4001A10F}.Debug|Any CPU.Build.0 = Debug|Any CPU
		{A2EDF3B2-1983-4669-AC4B-AE4E4001A10F}.Release|Any CPU.ActiveCfg = Release|Any CPU
		{A2EDF3B2-1983-4669-AC4B-AE4E4001A10F}.Release|Any CPU.Build.0 = Release|Any CPU
	EndGlobalSection
	GlobalSection(SolutionProperties) = preSolution
		HideSolutionNode = FALSE
	EndGlobalSection
	GlobalSection(ExtensibilityGlobals) = postSolution
		SolutionGuid = {3BF851D2-6819-452A-A4E4-6F64BDCF23A3}
	EndGlobalSection
EndGlobal
